
Microsoft Visual Studio Solution File, Format Version 12.00
# Visual Studio 15
VisualStudioVersion = 15.0.28307.421
MinimumVisualStudioVersion = 10.0.40219.1
Project("{9A19103F-16F7-4668-BE54-9A1E7A4F7556}") = "LanguageLearner", "LanguageLearner\LanguageLearner.csproj", "{6FA35B26-C2DF-4B0B-900B-523D6960AAFD}"
EndProject
Project("{9A19103F-16F7-4668-BE54-9A1E7A4F7556}") = "Tests", "Tests\Tests.csproj", "{FA57761E-1790-4B29-A484-019DC3797A24}"
EndProject
Project("{9A19103F-16F7-4668-BE54-9A1E7A4F7556}") = "LangData", "LangData\LangData.csproj", "{9081DAC1-22A0-4DEB-BBDC-E7925C8FAED0}"
EndProject
Project("{FAE04EC0-301F-11D3-BF4B-00C04F79EFBC}") = "LangServices", "LangServices\LangServices.csproj", "{FA7922F9-20DB-4229-AE00-29ED727A299F}"
EndProject
Global
	GlobalSection(SolutionConfigurationPlatforms) = preSolution
		Debug|Any CPU = Debug|Any CPU
		Release|Any CPU = Release|Any CPU
	EndGlobalSection
	GlobalSection(ProjectConfigurationPlatforms) = postSolution
		{6FA35B26-C2DF-4B0B-900B-523D6960AAFD}.Debug|Any CPU.ActiveCfg = Debug|Any CPU
		{6FA35B26-C2DF-4B0B-900B-523D6960AAFD}.Debug|Any CPU.Build.0 = Debug|Any CPU
		{6FA35B26-C2DF-4B0B-900B-523D6960AAFD}.Release|Any CPU.ActiveCfg = Release|Any CPU
		{6FA35B26-C2DF-4B0B-900B-523D6960AAFD}.Release|Any CPU.Build.0 = Release|Any CPU
		{FA57761E-1790-4B29-A484-019DC3797A24}.Debug|Any CPU.ActiveCfg = Debug|Any CPU
		{FA57761E-1790-4B29-A484-019DC3797A24}.Debug|Any CPU.Build.0 = Debug|Any CPU
		{FA57761E-1790-4B29-A484-019DC3797A24}.Release|Any CPU.ActiveCfg = Release|Any CPU
		{FA57761E-1790-4B29-A484-019DC3797A24}.Release|Any CPU.Build.0 = Release|Any CPU
		{9081DAC1-22A0-4DEB-BBDC-E7925C8FAED0}.Debug|Any CPU.ActiveCfg = Debug|Any CPU
		{9081DAC1-22A0-4DEB-BBDC-E7925C8FAED0}.Debug|Any CPU.Build.0 = Debug|Any CPU
		{9081DAC1-22A0-4DEB-BBDC-E7925C8FAED0}.Release|Any CPU.ActiveCfg = Release|Any CPU
		{9081DAC1-22A0-4DEB-BBDC-E7925C8FAED0}.Release|Any CPU.Build.0 = Release|Any CPU
		{FA7922F9-20DB-4229-AE00-29ED727A299F}.Debug|Any CPU.ActiveCfg = Debug|Any CPU
		{FA7922F9-20DB-4229-AE00-29ED727A299F}.Debug|Any CPU.Build.0 = Debug|Any CPU
		{FA7922F9-20DB-4229-AE00-29ED727A299F}.Release|Any CPU.ActiveCfg = Release|Any CPU
		{FA7922F9-20DB-4229-AE00-29ED727A299F}.Release|Any CPU.Build.0 = Release|Any CPU
	EndGlobalSection
	GlobalSection(SolutionProperties) = preSolution
		HideSolutionNode = FALSE
	EndGlobalSection
	GlobalSection(ExtensibilityGlobals) = postSolution
		SolutionGuid = {356D71E7-3F63-4499-AAE5-6484626E5BF6}
	EndGlobalSection
EndGlobal
